
Microsoft Visual Studio Solution File, Format Version 12.00
# Visual Studio Version 16
VisualStudioVersion = 16.0.32002.261
MinimumVisualStudioVersion = 10.0.40219.1
Project("{FAE04EC0-301F-11D3-BF4B-00C04F79EFBC}") = "LobbyCodes", "LobbyCodes\LobbyCodes.csproj", "{941539FD-2781-49C6-9CD9-17CD9E37C284}"
EndProject
Global
	GlobalSection(SolutionConfigurationPlatforms) = preSolution
		Debug|Any CPU = Debug|Any CPU
		Release|Any CPU = Release|Any CPU
	EndGlobalSection
	GlobalSection(ProjectConfigurationPlatforms) = postSolution
		{941539FD-2781-49C6-9CD9-17CD9E37C284}.Debug|Any CPU.ActiveCfg = Debug|Any CPU
		{941539FD-2781-49C6-9CD9-17CD9E37C284}.Debug|Any CPU.Build.0 = Debug|Any CPU
		{941539FD-2781-49C6-9CD9-17CD9E37C284}.Release|Any CPU.ActiveCfg = Release|Any CPU
		{941539FD-2781-49C6-9CD9-17CD9E37C284}.Release|Any CPU.Build.0 = Release|Any CPU
	EndGlobalSection
	GlobalSection(SolutionProperties) = preSolution
		HideSolutionNode = FALSE
	EndGlobalSection
	GlobalSection(ExtensibilityGlobals) = postSolution
		SolutionGuid = {F34561CB-A793-47DC-B128-7A5E3027A031}
	EndGlobalSection
EndGlobal
